
Microsoft Visual Studio Solution File, Format Version 12.00
# Visual Studio Express 2012 for Windows Desktop
Project("{FAE04EC0-301F-11D3-BF4B-00C04F79EFBC}") = "Mmosoft.Oops", "Mmosoft.Oops\Mmosoft.Oops.csproj", "{21702BE6-05AF-49CF-96F0-1139F9C44761}"
EndProject
Project("{FAE04EC0-301F-11D3-BF4B-00C04F79EFBC}") = "Mmosoft.Oops.Test", "Mmosoft.Oops.Test\Mmosoft.Oops.Test.csproj", "{4FD74E8C-E6B2-445C-8FA9-2975B4E09098}"
EndProject
Global
	GlobalSection(SolutionConfigurationPlatforms) = preSolution
		Debug|Any CPU = Debug|Any CPU
		Release|Any CPU = Release|Any CPU
	EndGlobalSection
	GlobalSection(ProjectConfigurationPlatforms) = postSolution
		{21702BE6-05AF-49CF-96F0-1139F9C44761}.Debug|Any CPU.ActiveCfg = Debug|Any CPU
		{21702BE6-05AF-49CF-96F0-1139F9C44761}.Debug|Any CPU.Build.0 = Debug|Any CPU
		{21702BE6-05AF-49CF-96F0-1139F9C44761}.Release|Any CPU.ActiveCfg = Release|Any CPU
		{21702BE6-05AF-49CF-96F0-1139F9C44761}.Release|Any CPU.Build.0 = Release|Any CPU
		{4FD74E8C-E6B2-445C-8FA9-2975B4E09098}.Debug|Any CPU.ActiveCfg = Debug|Any CPU
		{4FD74E8C-E6B2-445C-8FA9-2975B4E09098}.Debug|Any CPU.Build.0 = Debug|Any CPU
		{4FD74E8C-E6B2-445C-8FA9-2975B4E09098}.Release|Any CPU.ActiveCfg = Release|Any CPU
		{4FD74E8C-E6B2-445C-8FA9-2975B4E09098}.Release|Any CPU.Build.0 = Release|Any CPU
	EndGlobalSection
	GlobalSection(SolutionProperties) = preSolution
		HideSolutionNode = FALSE
	EndGlobalSection
	GlobalSection(ExtensibilityGlobals) = postSolution
		SolutionGuid = {C829840A-F2C7-4A43-87A5-1859B8990299}
	EndGlobalSection
EndGlobal
